PODS:
  - Masonry (1.1.0)

DEPENDENCIES:
  - Masonry

SPEC REPOS:
  trunk:
    - Masonry

SPEC CHECKSUMS:
  Masonry: 678fab65091a9290e40e2832a55e7ab731aad201

<<<<<<< HEAD
PODFILE CHECKSUM: fe167cb41897981f40bf6e7bc1d1614a560f3f43

COCOAPODS: 1.11.2
=======
PODFILE CHECKSUM: 21a691c48e8e79077b3fd6cc808bf15240b7e73a

COCOAPODS: 1.11.0.rc.1
>>>>>>> ce40941f03e5b3401a10609ecff81c18828c7816
